// !$*UTF8*$!
{
	archiveVersion = 1;
	classes = {
	};
	objectVersion = 56;
	objects = {

/* Begin PBXBuildFile section */
		483ED7002D625743003DB0E5 /* Utils.swift in Sources */ = {isa = PBXBuildFile; fileRef = 483ED6FF2D625743003DB0E5 /* Utils.swift */; };
		483ED7012D625743003DB0E5 /* Utils.swift in Sources */ = {isa = PBXBuildFile; fileRef = 483ED6FF2D625743003DB0E5 /* Utils.swift */; };
		483ED7042D62578E003DB0E5 /* Buttons.swift in Sources */ = {isa = PBXBuildFile; fileRef = 483ED7032D62578E003DB0E5 /* Buttons.swift */; };
		483ED7062D6257F8003DB0E5 /* Buttons.swift in Sources */ = {isa = PBXBuildFile; fileRef = 483ED7032D62578E003DB0E5 /* Buttons.swift */; };
		4848925F2D59EDA60033182F /* WebView.swift in Sources */ = {isa = PBXBuildFile; fileRef = 4848925E2D59EDA60033182F /* WebView.swift */; };
		484892642D5A061F0033182F /* Constants.swift in Sources */ = {isa = PBXBuildFile; fileRef = 484892632D5A061F0033182F /* Constants.swift */; };
		484892652D5A061F0033182F /* Constants.swift in Sources */ = {isa = PBXBuildFile; fileRef = 484892632D5A061F0033182F /* Constants.swift */; };
		488699ED2D3C99B2006DF44A /* instagram_downloaderApp.swift in Sources */ = {isa = PBXBuildFile; fileRef = 488699EC2D3C99B2006DF44A /* instagram_downloaderApp.swift */; };
		488699EF2D3C99B2006DF44A /* ContentView.swift in Sources */ = {isa = PBXBuildFile; fileRef = 488699EE2D3C99B2006DF44A /* ContentView.swift */; };
		488699F12D3C99B4006DF44A /* Assets.xcassets in Resources */ = {isa = PBXBuildFile; fileRef = 488699F02D3C99B4006DF44A /* Assets.xcassets */; };
		488699F42D3C99B4006DF44A /* Preview Assets.xcassets in Resources */ = {isa = PBXBuildFile; fileRef = 488699F32D3C99B4006DF44A /* Preview Assets.xcassets */; };
		489A35702D625975001CD501 /* General.swift in Sources */ = {isa = PBXBuildFile; fileRef = 483ED6FC2D6256E1003DB0E5 /* General.swift */; };
		489A35732D6259CD001CD501 /* AlertKit in Frameworks */ = {isa = PBXBuildFile; productRef = 489A35722D6259CD001CD501 /* AlertKit */; };
		489A35AA2D626E02001CD501 /* History.swift in Sources */ = {isa = PBXBuildFile; fileRef = 489A35A92D626E02001CD501 /* History.swift */; };
		489A35AC2D626E67001CD501 /* Onboarding.swift in Sources */ = {isa = PBXBuildFile; fileRef = 489A35AB2D626E67001CD501 /* Onboarding.swift */; };
		48CA8A9C2D58DA7F005CD16F /* Data.swift in Sources */ = {isa = PBXBuildFile; fileRef = 48CA8A9B2D58DA7F005CD16F /* Data.swift */; };
		48CA8A9D2D58DCEF005CD16F /* Data.swift in Sources */ = {isa = PBXBuildFile; fileRef = 48CA8A9B2D58DA7F005CD16F /* Data.swift */; };
		48CA8A9F2D58E9CA005CD16F /* Media.swift in Sources */ = {isa = PBXBuildFile; fileRef = 48CA8A9E2D58E9CA005CD16F /* Media.swift */; };
		48CA8AA02D58E9CA005CD16F /* Media.swift in Sources */ = {isa = PBXBuildFile; fileRef = 48CA8A9E2D58E9CA005CD16F /* Media.swift */; };
		48D1B1982D3F2ED10040569E /* Network.swift in Sources */ = {isa = PBXBuildFile; fileRef = 48D1B1972D3F2ED10040569E /* Network.swift */; };
		48D1B1A02D3FB6D50040569E /* ShareViewController.swift in Sources */ = {isa = PBXBuildFile; fileRef = 48D1B19F2D3FB6D50040569E /* ShareViewController.swift */; };
		48D1B1A72D3FB6D50040569E /* instagram-downloader-share.appex in Embed Foundation Extensions */ = {isa = PBXBuildFile; fileRef = 48D1B19D2D3FB6D50040569E /* instagram-downloader-share.appex */; settings = {ATTRIBUTES = (RemoveHeadersOnCopy, ); }; };
		48E39EE12D3FFF14000341CD /* Activity.swift in Sources */ = {isa = PBXBuildFile; fileRef = 48E39EE02D3FFF14000341CD /* Activity.swift */; };
		48E39F052D40312C000341CD /* Network.swift in Sources */ = {isa = PBXBuildFile; fileRef = 48D1B1972D3F2ED10040569E /* Network.swift */; };
/* End PBXBuildFile section */

/* Begin PBXContainerItemProxy section */
		48D1B1A52D3FB6D50040569E /* PBXContainerItemProxy */ = {
			isa = PBXContainerItemProxy;
			containerPortal = 488699E12D3C99B2006DF44A /* Project object */;
			proxyType = 1;
			remoteGlobalIDString = 48D1B19C2D3FB6D50040569E;
			remoteInfo = "instagram-downloader-share";
		};
/* End PBXContainerItemProxy section */

/* Begin PBXCopyFilesBuildPhase section */
		48D1B1A82D3FB6D50040569E /* Embed Foundation Extensions */ = {
			isa = PBXCopyFilesBuildPhase;
			buildActionMask = 2147483647;
			dstPath = "";
			dstSubfolderSpec = 13;
			files = (
				48D1B1A72D3FB6D50040569E /* instagram-downloader-share.appex in Embed Foundation Extensions */,
			);
			name = "Embed Foundation Extensions";
			runOnlyForDeploymentPostprocessing = 0;
		};
/* End PBXCopyFilesBuildPhase section */

/* Begin PBXFileReference section */
		48390C862D4FB7BB00852829 /* instagram-downloader.entitlements */ = {isa = PBXFileReference; lastKnownFileType = text.plist.entitlements; path = "instagram-downloader.entitlements"; sourceTree = "<group>"; };
		48390C872D4FB7FA00852829 /* instagram-downloader-share.entitlements */ = {isa = PBXFileReference; lastKnownFileType = text.plist.entitlements; path = "instagram-downloader-share.entitlements"; sourceTree = "<group>"; };
		483ED6FC2D6256E1003DB0E5 /* General.swift */ = {isa = PBXFileReference; lastKnownFileType = sourcecode.swift; path = General.swift; sourceTree = "<group>"; };
		483ED6FF2D625743003DB0E5 /* Utils.swift */ = {isa = PBXFileReference; lastKnownFileType = sourcecode.swift; path = Utils.swift; sourceTree = "<group>"; };
		483ED7032D62578E003DB0E5 /* Buttons.swift */ = {isa = PBXFileReference; lastKnownFileType = sourcecode.swift; path = Buttons.swift; sourceTree = "<group>"; };
		4848925E2D59EDA60033182F /* WebView.swift */ = {isa = PBXFileReference; lastKnownFileType = sourcecode.swift; path = WebView.swift; sourceTree = "<group>"; };
		484892632D5A061F0033182F /* Constants.swift */ = {isa = PBXFileReference; lastKnownFileType = sourcecode.swift; path = Constants.swift; sourceTree = "<group>"; };
		488699E92D3C99B2006DF44A /* instagram-downloader.app */ = {isa = PBXFileReference; explicitFileType = wrapper.application; includeInIndex = 0; path = "instagram-downloader.app"; sourceTree = BUILT_PRODUCTS_DIR; };
		488699EC2D3C99B2006DF44A /* instagram_downloaderApp.swift */ = {isa = PBXFileReference; lastKnownFileType = sourcecode.swift; path = instagram_downloaderApp.swift; sourceTree = "<group>"; };
		488699EE2D3C99B2006DF44A /* ContentView.swift */ = {isa = PBXFileReference; lastKnownFileType = sourcecode.swift; path = ContentView.swift; sourceTree = "<group>"; };
		488699F02D3C99B4006DF44A /* Assets.xcassets */ = {isa = PBXFileReference; lastKnownFileType = folder.assetcatalog; path = Assets.xcassets; sourceTree = "<group>"; };
		488699F32D3C99B4006DF44A /* Preview Assets.xcassets */ = {isa = PBXFileReference; lastKnownFileType = folder.assetcatalog; path = "Preview Assets.xcassets"; sourceTree = "<group>"; };
		48869A022D3CD25A006DF44A /* Info.plist */ = {isa = PBXFileReference; lastKnownFileType = file.bplist; path = Info.plist; sourceTree = "<group>"; };
		489A35A92D626E02001CD501 /* History.swift */ = {isa = PBXFileReference; lastKnownFileType = sourcecode.swift; path = History.swift; sourceTree = "<group>"; };
		489A35AB2D626E67001CD501 /* Onboarding.swift */ = {isa = PBXFileReference; lastKnownFileType = sourcecode.swift; path = Onboarding.swift; sourceTree = "<group>"; };
		48CA8A9B2D58DA7F005CD16F /* Data.swift */ = {isa = PBXFileReference; lastKnownFileType = sourcecode.swift; path = Data.swift; sourceTree = "<group>"; };
		48CA8A9E2D58E9CA005CD16F /* Media.swift */ = {isa = PBXFileReference; lastKnownFileType = sourcecode.swift; path = Media.swift; sourceTree = "<group>"; };
		48D1B1972D3F2ED10040569E /* Network.swift */ = {isa = PBXFileReference; lastKnownFileType = sourcecode.swift; path = Network.swift; sourceTree = "<group>"; };
		48D1B19D2D3FB6D50040569E /* instagram-downloader-share.appex */ = {isa = PBXFileReference; explicitFileType = "wrapper.app-extension"; includeInIndex = 0; path = "instagram-downloader-share.appex"; sourceTree = BUILT_PRODUCTS_DIR; };
		48D1B19F2D3FB6D50040569E /* ShareViewController.swift */ = {isa = PBXFileReference; lastKnownFileType = sourcecode.swift; path = ShareViewController.swift; sourceTree = "<group>"; };
		48E39EE02D3FFF14000341CD /* Activity.swift */ = {isa = PBXFileReference; lastKnownFileType = sourcecode.swift; path = Activity.swift; sourceTree = "<group>"; };
/* End PBXFileReference section */

/* Begin PBXFrameworksBuildPhase section */
		488699E62D3C99B2006DF44A /* Frameworks */ = {
			isa = PBXFrameworksBuildPhase;
			buildActionMask = 2147483647;
			files = (
				489A35732D6259CD001CD501 /* AlertKit in Frameworks */,
			);
			runOnlyForDeploymentPostprocessing = 0;
		};
		48D1B19A2D3FB6D50040569E /* Frameworks */ = {
			isa = PBXFrameworksBuildPhase;
			buildActionMask = 2147483647;
			files = (
			);
			runOnlyForDeploymentPostprocessing = 0;
		};
/* End PBXFrameworksBuildPhase section */

/* Begin PBXGroup section */
		483ED7022D625772003DB0E5 /* UI */ = {
			isa = PBXGroup;
			children = (
			);
			path = UI;
			sourceTree = "<group>";
		};
		488699E02D3C99B2006DF44A = {
			isa = PBXGroup;
			children = (
				489A35A82D626D8F001CD501 /* Views */,
				483ED6FC2D6256E1003DB0E5 /* General.swift */,
				483ED7032D62578E003DB0E5 /* Buttons.swift */,
				483ED7022D625772003DB0E5 /* UI */,
				483ED6FF2D625743003DB0E5 /* Utils.swift */,
				484892632D5A061F0033182F /* Constants.swift */,
				48CA8A9E2D58E9CA005CD16F /* Media.swift */,
				48CA8A9B2D58DA7F005CD16F /* Data.swift */,
				488699EB2D3C99B2006DF44A /* instagram-downloader */,
				48D1B19E2D3FB6D50040569E /* instagram-downloader-share */,
				488699EA2D3C99B2006DF44A /* Products */,
			);
			sourceTree = "<group>";
		};
		488699EA2D3C99B2006DF44A /* Products */ = {
			isa = PBXGroup;
			children = (
				488699E92D3C99B2006DF44A /* instagram-downloader.app */,
				48D1B19D2D3FB6D50040569E /* instagram-downloader-share.appex */,
			);
			name = Products;
			sourceTree = "<group>";
		};
		488699EB2D3C99B2006DF44A /* instagram-downloader */ = {
			isa = PBXGroup;
			children = (
				48390C862D4FB7BB00852829 /* instagram-downloader.entitlements */,
				48869A022D3CD25A006DF44A /* Info.plist */,
				488699EC2D3C99B2006DF44A /* instagram_downloaderApp.swift */,
				48D1B1972D3F2ED10040569E /* Network.swift */,
				488699EE2D3C99B2006DF44A /* ContentView.swift */,
				488699F02D3C99B4006DF44A /* Assets.xcassets */,
				488699F22D3C99B4006DF44A /* Preview Content */,
				48E39EE02D3FFF14000341CD /* Activity.swift */,
				4848925E2D59EDA60033182F /* WebView.swift */,
			);
			path = "instagram-downloader";
			sourceTree = "<group>";
		};
		488699F22D3C99B4006DF44A /* Preview Content */ = {
			isa = PBXGroup;
			children = (
				488699F32D3C99B4006DF44A /* Preview Assets.xcassets */,
			);
			path = "Preview Content";
			sourceTree = "<group>";
		};
		489A35A82D626D8F001CD501 /* Views */ = {
			isa = PBXGroup;
			children = (
				489A35A92D626E02001CD501 /* History.swift */,
				489A35AB2D626E67001CD501 /* Onboarding.swift */,
			);
			path = Views;
			sourceTree = "<group>";
		};
		48D1B19E2D3FB6D50040569E /* instagram-downloader-share */ = {
			isa = PBXGroup;
			children = (
				48390C872D4FB7FA00852829 /* instagram-downloader-share.entitlements */,
				48D1B19F2D3FB6D50040569E /* ShareViewController.swift */,
			);
			path = "instagram-downloader-share";
			sourceTree = "<group>";
		};
/* End PBXGroup section */

/* Begin PBXNativeTarget section */
		488699E82D3C99B2006DF44A /* instagram-downloader */ = {
			isa = PBXNativeTarget;
			buildConfigurationList = 488699F72D3C99B4006DF44A /* Build configuration list for PBXNativeTarget "instagram-downloader" */;
			buildPhases = (
				488699E52D3C99B2006DF44A /* Sources */,
				488699E62D3C99B2006DF44A /* Frameworks */,
				488699E72D3C99B2006DF44A /* Resources */,
				48D1B1A82D3FB6D50040569E /* Embed Foundation Extensions */,
			);
			buildRules = (
			);
			dependencies = (
				48D1B1A62D3FB6D50040569E /* PBXTargetDependency */,
			);
			name = "instagram-downloader";
			packageProductDependencies = (
				489A35722D6259CD001CD501 /* AlertKit */,
			);
			productName = "instagram-downloader";
			productReference = 488699E92D3C99B2006DF44A /* instagram-downloader.app */;
			productType = "com.apple.product-type.application";
		};
		48D1B19C2D3FB6D50040569E /* instagram-downloader-share */ = {
			isa = PBXNativeTarget;
			buildConfigurationList = 48D1B1AB2D3FB6D50040569E /* Build configuration list for PBXNativeTarget "instagram-downloader-share" */;
			buildPhases = (
				48D1B1992D3FB6D50040569E /* Sources */,
				48D1B19A2D3FB6D50040569E /* Frameworks */,
				48D1B19B2D3FB6D50040569E /* Resources */,
			);
			buildRules = (
			);
			dependencies = (
			);
			name = "instagram-downloader-share";
			productName = "instagram-downloader-share";
			productReference = 48D1B19D2D3FB6D50040569E /* instagram-downloader-share.appex */;
			productType = "com.apple.product-type.app-extension";
		};
/* End PBXNativeTarget section */

/* Begin PBXProject section */
		488699E12D3C99B2006DF44A /* Project object */ = {
			isa = PBXProject;
			attributes = {
				BuildIndependentTargetsInParallel = 1;
				LastSwiftUpdateCheck = 1520;
				LastUpgradeCheck = 1520;
				TargetAttributes = {
					488699E82D3C99B2006DF44A = {
						CreatedOnToolsVersion = 15.2;
					};
					48D1B19C2D3FB6D50040569E = {
						CreatedOnToolsVersion = 15.2;
					};
				};
			};
			buildConfigurationList = 488699E42D3C99B2006DF44A /* Build configuration list for PBXProject "instagram-downloader" */;
			compatibilityVersion = "Xcode 14.0";
			developmentRegion = en;
			hasScannedForEncodings = 0;
			knownRegions = (
				en,
				Base,
			);
			mainGroup = 488699E02D3C99B2006DF44A;
			packageReferences = (
				489A35712D6259CD001CD501 /* XCRemoteSwiftPackageReference "AlertKit" */,
			);
			productRefGroup = 488699EA2D3C99B2006DF44A /* Products */;
			projectDirPath = "";
			projectRoot = "";
			targets = (
				488699E82D3C99B2006DF44A /* instagram-downloader */,
				48D1B19C2D3FB6D50040569E /* instagram-downloader-share */,
			);
		};
/* End PBXProject section */

/* Begin PBXResourcesBuildPhase section */
		488699E72D3C99B2006DF44A /* Resources */ = {
			isa = PBXResourcesBuildPhase;
			buildActionMask = 2147483647;
			files = (
				488699F42D3C99B4006DF44A /* Preview Assets.xcassets in Resources */,
				488699F12D3C99B4006DF44A /* Assets.xcassets in Resources */,
			);
			runOnlyForDeploymentPostprocessing = 0;
		};
		48D1B19B2D3FB6D50040569E /* Resources */ = {
			isa = PBXResourcesBuildPhase;
			buildActionMask = 2147483647;
			files = (
			);
			runOnlyForDeploymentPostprocessing = 0;
		};
/* End PBXResourcesBuildPhase section */

/* Begin PBXSourcesBuildPhase section */
		488699E52D3C99B2006DF44A /* Sources */ = {
			isa = PBXSourcesBuildPhase;
			buildActionMask = 2147483647;
			files = (
				48E39EE12D3FFF14000341CD /* Activity.swift in Sources */,
				489A35702D625975001CD501 /* General.swift in Sources */,
				48CA8A9C2D58DA7F005CD16F /* Data.swift in Sources */,
				483ED7042D62578E003DB0E5 /* Buttons.swift in Sources */,
				48CA8A9F2D58E9CA005CD16F /* Media.swift in Sources */,
				48D1B1982D3F2ED10040569E /* Network.swift in Sources */,
				489A35AA2D626E02001CD501 /* History.swift in Sources */,
				483ED7002D625743003DB0E5 /* Utils.swift in Sources */,
				489A35AC2D626E67001CD501 /* Onboarding.swift in Sources */,
				488699EF2D3C99B2006DF44A /* ContentView.swift in Sources */,
				488699ED2D3C99B2006DF44A /* instagram_downloaderApp.swift in Sources */,
				4848925F2D59EDA60033182F /* WebView.swift in Sources */,
				484892642D5A061F0033182F /* Constants.swift in Sources */,
			);
			runOnlyForDeploymentPostprocessing = 0;
		};
		48D1B1992D3FB6D50040569E /* Sources */ = {
			isa = PBXSourcesBuildPhase;
			buildActionMask = 2147483647;
			files = (
				48D1B1A02D3FB6D50040569E /* ShareViewController.swift in Sources */,
				48CA8A9D2D58DCEF005CD16F /* Data.swift in Sources */,
				48CA8AA02D58E9CA005CD16F /* Media.swift in Sources */,
				483ED7012D625743003DB0E5 /* Utils.swift in Sources */,
				48E39F052D40312C000341CD /* Network.swift in Sources */,
				484892652D5A061F0033182F /* Constants.swift in Sources */,
				483ED7062D6257F8003DB0E5 /* Buttons.swift in Sources */,
			);
			runOnlyForDeploymentPostprocessing = 0;
		};
/* End PBXSourcesBuildPhase section */

/* Begin PBXTargetDependency section */
		48D1B1A62D3FB6D50040569E /* PBXTargetDependency */ = {
			isa = PBXTargetDependency;
			target = 48D1B19C2D3FB6D50040569E /* instagram-downloader-share */;
			targetProxy = 48D1B1A52D3FB6D50040569E /* PBXContainerItemProxy */;
		};
/* End PBXTargetDependency section */

/* Begin XCBuildConfiguration section */
		488699F52D3C99B4006DF44A /* Debug */ = {
			isa = XCBuildConfiguration;
			buildSettings = {
				ALWAYS_SEARCH_USER_PATHS = NO;
				APP_BUILD = 3;
				APP_VERSION = 1.02;
				ASSETCATALOG_COMPILER_GENERATE_SWIFT_ASSET_SYMBOL_EXTENSIONS = YES;
				CLANG_ANALYZER_NONNULL = YES;
				CLANG_ANALYZER_NUMBER_OBJECT_CONVERSION = YES_AGGRESSIVE;
				CLANG_CXX_LANGUAGE_STANDARD = "gnu++20";
				CLANG_ENABLE_MODULES = YES;
				CLANG_ENABLE_OBJC_ARC = YES;
				CLANG_ENABLE_OBJC_WEAK = YES;
				CLANG_WARN_BLOCK_CAPTURE_AUTORELEASING = YES;
				CLANG_WARN_BOOL_CONVERSION = YES;
				CLANG_WARN_COMMA = YES;
				CLANG_WARN_CONSTANT_CONVERSION = YES;
				CLANG_WARN_DEPRECATED_OBJC_IMPLEMENTATIONS = YES;
				CLANG_WARN_DIRECT_OBJC_ISA_USAGE = YES_ERROR;
				CLANG_WARN_DOCUMENTATION_COMMENTS = YES;
				CLANG_WARN_EMPTY_BODY = YES;
				CLANG_WARN_ENUM_CONVERSION = YES;
				CLANG_WARN_INFINITE_RECURSION = YES;
				CLANG_WARN_INT_CONVERSION = YES;
				CLANG_WARN_NON_LITERAL_NULL_CONVERSION = YES;
				CLANG_WARN_OBJC_IMPLICIT_RETAIN_SELF = YES;
				CLANG_WARN_OBJC_LITERAL_CONVERSION = YES;
				CLANG_WARN_OBJC_ROOT_CLASS = YES_ERROR;
				CLANG_WARN_QUOTED_INCLUDE_IN_FRAMEWORK_HEADER = YES;
				CLANG_WARN_RANGE_LOOP_ANALYSIS = YES;
				CLANG_WARN_STRICT_PROTOTYPES = YES;
				CLANG_WARN_SUSPICIOUS_MOVE = YES;
				CLANG_WARN_UNGUARDED_AVAILABILITY = YES_AGGRESSIVE;
				CLANG_WARN_UNREACHABLE_CODE = YES;
				CLANG_WARN__DUPLICATE_METHOD_MATCH = YES;
				COPY_PHASE_STRIP = NO;
				DEBUG_INFORMATION_FORMAT = dwarf;
				ENABLE_STRICT_OBJC_MSGSEND = YES;
				ENABLE_TESTABILITY = YES;
				ENABLE_USER_SCRIPT_SANDBOXING = YES;
				GCC_C_LANGUAGE_STANDARD = gnu17;
				GCC_DYNAMIC_NO_PIC = NO;
				GCC_NO_COMMON_BLOCKS = YES;
				GCC_OPTIMIZATION_LEVEL = 0;
				GCC_PREPROCESSOR_DEFINITIONS = (
					"DEBUG=1",
					"$(inherited)",
				);
				GCC_WARN_64_TO_32_BIT_CONVERSION = YES;
				GCC_WARN_ABOUT_RETURN_TYPE = YES_ERROR;
				GCC_WARN_UNDECLARED_SELECTOR = YES;
				GCC_WARN_UNINITIALIZED_AUTOS = YES_AGGRESSIVE;
				GCC_WARN_UNUSED_FUNCTION = YES;
				GCC_WARN_UNUSED_VARIABLE = YES;
				INFOPLIST_FILE = "instagram-downloader/Info.plist";
				IPHONEOS_DEPLOYMENT_TARGET = 17.2;
				LOCALIZATION_PREFERS_STRING_CATALOGS = YES;
				MTL_ENABLE_DEBUG_INFO = INCLUDE_SOURCE;
				MTL_FAST_MATH = YES;
				ONLY_ACTIVE_ARCH = YES;
				SDKROOT = iphoneos;
				SWIFT_ACTIVE_COMPILATION_CONDITIONS = "DEBUG $(inherited)";
				SWIFT_OPTIMIZATION_LEVEL = "-Onone";
			};
			name = Debug;
		};
		488699F62D3C99B4006DF44A /* Release */ = {
			isa = XCBuildConfiguration;
			buildSettings = {
				ALWAYS_SEARCH_USER_PATHS = NO;
				APP_BUILD = 3;
				APP_VERSION = 1.02;
				ASSETCATALOG_COMPILER_GENERATE_SWIFT_ASSET_SYMBOL_EXTENSIONS = YES;
				CLANG_ANALYZER_NONNULL = YES;
				CLANG_ANALYZER_NUMBER_OBJECT_CONVERSION = YES_AGGRESSIVE;
				CLANG_CXX_LANGUAGE_STANDARD = "gnu++20";
				CLANG_ENABLE_MODULES = YES;
				CLANG_ENABLE_OBJC_ARC = YES;
				CLANG_ENABLE_OBJC_WEAK = YES;
				CLANG_WARN_BLOCK_CAPTURE_AUTORELEASING = YES;
				CLANG_WARN_BOOL_CONVERSION = YES;
				CLANG_WARN_COMMA = YES;
				CLANG_WARN_CONSTANT_CONVERSION = YES;
				CLANG_WARN_DEPRECATED_OBJC_IMPLEMENTATIONS = YES;
				CLANG_WARN_DIRECT_OBJC_ISA_USAGE = YES_ERROR;
				CLANG_WARN_DOCUMENTATION_COMMENTS = YES;
				CLANG_WARN_EMPTY_BODY = YES;
				CLANG_WARN_ENUM_CONVERSION = YES;
				CLANG_WARN_INFINITE_RECURSION = YES;
				CLANG_WARN_INT_CONVERSION = YES;
				CLANG_WARN_NON_LITERAL_NULL_CONVERSION = YES;
				CLANG_WARN_OBJC_IMPLICIT_RETAIN_SELF = YES;
				CLANG_WARN_OBJC_LITERAL_CONVERSION = YES;
				CLANG_WARN_OBJC_ROOT_CLASS = YES_ERROR;
				CLANG_WARN_QUOTED_INCLUDE_IN_FRAMEWORK_HEADER = YES;
				CLANG_WARN_RANGE_LOOP_ANALYSIS = YES;
				CLANG_WARN_STRICT_PROTOTYPES = YES;
				CLANG_WARN_SUSPICIOUS_MOVE = YES;
				CLANG_WARN_UNGUARDED_AVAILABILITY = YES_AGGRESSIVE;
				CLANG_WARN_UNREACHABLE_CODE = YES;
				CLANG_WARN__DUPLICATE_METHOD_MATCH = YES;
				COPY_PHASE_STRIP = NO;
				DEBUG_INFORMATION_FORMAT = "dwarf-with-dsym";
				ENABLE_NS_ASSERTIONS = NO;
				ENABLE_STRICT_OBJC_MSGSEND = YES;
				ENABLE_USER_SCRIPT_SANDBOXING = YES;
				GCC_C_LANGUAGE_STANDARD = gnu17;
				GCC_NO_COMMON_BLOCKS = YES;
				GCC_WARN_64_TO_32_BIT_CONVERSION = YES;
				GCC_WARN_ABOUT_RETURN_TYPE = YES_ERROR;
				GCC_WARN_UNDECLARED_SELECTOR = YES;
				GCC_WARN_UNINITIALIZED_AUTOS = YES_AGGRESSIVE;
				GCC_WARN_UNUSED_FUNCTION = YES;
				GCC_WARN_UNUSED_VARIABLE = YES;
				INFOPLIST_FILE = "instagram-downloader/Info.plist";
				IPHONEOS_DEPLOYMENT_TARGET = 17.2;
				LOCALIZATION_PREFERS_STRING_CATALOGS = YES;
				MTL_ENABLE_DEBUG_INFO = NO;
				MTL_FAST_MATH = YES;
				SDKROOT = iphoneos;
				SWIFT_COMPILATION_MODE = wholemodule;
				VALIDATE_PRODUCT = YES;
			};
			name = Release;
		};
		488699F82D3C99B4006DF44A /* Debug */ = {
			isa = XCBuildConfiguration;
			buildSettings = {
				ALWAYS_EMBED_SWIFT_STANDARD_LIBRARIES = YES;
				APP_BUILD = 2;
				ASSETCATALOG_COMPILER_APPICON_NAME = AppIcon;
				ASSETCATALOG_COMPILER_GLOBAL_ACCENT_COLOR_NAME = AccentColor;
				CODE_SIGN_ENTITLEMENTS = "instagram-downloader/instagram-downloader.entitlements";
				CODE_SIGN_STYLE = Automatic;
				CURRENT_PROJECT_VERSION = "$(APP_BUILD)";
				DEVELOPMENT_ASSET_PATHS = "\"instagram-downloader/Preview Content\"";
				DEVELOPMENT_TEAM = 9QNMAN8CT6;
				ENABLE_PREVIEWS = YES;
				GENERATE_INFOPLIST_FILE = NO;
				INFOPLIST_FILE = "instagram-downloader/Info.plist";
				INFOPLIST_KEY_UIApplicationSceneManifest_Generation = YES;
				INFOPLIST_KEY_UIApplicationSupportsIndirectInputEvents = YES;
				INFOPLIST_KEY_UILaunchScreen_Generation = YES;
				INFOPLIST_KEY_UISupportedInterfaceOrientations_iPad = "UIInterfaceOrientationPortrait UIInterfaceOrientationPortraitUpsideDown UIInterfaceOrientationLandscapeLeft UIInterfaceOrientationLandscapeRight";
				INFOPLIST_KEY_UISupportedInterfaceOrientations_iPhone = "UIInterfaceOrientationPortrait UIInterfaceOrientationLandscapeLeft UIInterfaceOrientationLandscapeRight";
				IPHONEOS_DEPLOYMENT_TARGET = 17.0;
				LD_RUNPATH_SEARCH_PATHS = (
					"$(inherited)",
					"@executable_path/Frameworks",
				);
				MARKETING_VERSION = "$(APP_VERSION)";
				PRODUCT_BUNDLE_IDENTIFIER = "kopyl.instagram-downloader";
				PRODUCT_NAME = "$(TARGET_NAME)";
				SWIFT_EMIT_LOC_STRINGS = YES;
				SWIFT_VERSION = 5.0;
				TARGETED_DEVICE_FAMILY = "1,2";
			};
			name = Debug;
		};
		488699F92D3C99B4006DF44A /* Release */ = {
			isa = XCBuildConfiguration;
			buildSettings = {
				ALWAYS_EMBED_SWIFT_STANDARD_LIBRARIES = YES;
				APP_BUILD = 2;
				ASSETCATALOG_COMPILER_APPICON_NAME = AppIcon;
				ASSETCATALOG_COMPILER_GLOBAL_ACCENT_COLOR_NAME = AccentColor;
				CODE_SIGN_ENTITLEMENTS = "instagram-downloader/instagram-downloader.entitlements";
				CODE_SIGN_STYLE = Automatic;
				CURRENT_PROJECT_VERSION = "$(APP_BUILD)";
				DEVELOPMENT_ASSET_PATHS = "\"instagram-downloader/Preview Content\"";
				DEVELOPMENT_TEAM = 9QNMAN8CT6;
				ENABLE_PREVIEWS = YES;
				GENERATE_INFOPLIST_FILE = NO;
				INFOPLIST_FILE = "instagram-downloader/Info.plist";
				INFOPLIST_KEY_UIApplicationSceneManifest_Generation = YES;
				INFOPLIST_KEY_UIApplicationSupportsIndirectInputEvents = YES;
				INFOPLIST_KEY_UILaunchScreen_Generation = YES;
				INFOPLIST_KEY_UISupportedInterfaceOrientations_iPad = "UIInterfaceOrientationPortrait UIInterfaceOrientationPortraitUpsideDown UIInterfaceOrientationLandscapeLeft UIInterfaceOrientationLandscapeRight";
				INFOPLIST_KEY_UISupportedInterfaceOrientations_iPhone = "UIInterfaceOrientationPortrait UIInterfaceOrientationLandscapeLeft UIInterfaceOrientationLandscapeRight";
				IPHONEOS_DEPLOYMENT_TARGET = 17.0;
				LD_RUNPATH_SEARCH_PATHS = (
					"$(inherited)",
					"@executable_path/Frameworks",
				);
				MARKETING_VERSION = "$(APP_VERSION)";
				PRODUCT_BUNDLE_IDENTIFIER = "kopyl.instagram-downloader";
				PRODUCT_NAME = "$(TARGET_NAME)";
				SWIFT_EMIT_LOC_STRINGS = YES;
				SWIFT_VERSION = 5.0;
				TARGETED_DEVICE_FAMILY = "1,2";
			};
			name = Release;
		};
		48D1B1A92D3FB6D50040569E /* Debug */ = {
			isa = XCBuildConfiguration;
			buildSettings = {
				APP_BUILD = 2;
				CODE_SIGN_ENTITLEMENTS = "instagram-downloader-share/instagram-downloader-share.entitlements";
				CODE_SIGN_STYLE = Automatic;
				CURRENT_PROJECT_VERSION = "$(APP_VERSION)";
				DEVELOPMENT_TEAM = 9QNMAN8CT6;
				GENERATE_INFOPLIST_FILE = YES;
				INFOPLIST_FILE = "instagram-downloader-share/Info.plist";
				INFOPLIST_KEY_CFBundleDisplayName = "instagram-downloader-share";
				INFOPLIST_KEY_NSHumanReadableCopyright = "";
				INFOPLIST_KEY_NSSupportsLiveActivities = YES;
				LD_RUNPATH_SEARCH_PATHS = (
					"$(inherited)",
					"@executable_path/Frameworks",
					"@executable_path/../../Frameworks",
				);
				MARKETING_VERSION = "$(APP_VERSION)";
				PRODUCT_BUNDLE_IDENTIFIER = "kopyl.instagram-downloader.instagram-downloader-share";
				PRODUCT_NAME = "$(TARGET_NAME)";
				SKIP_INSTALL = YES;
				SWIFT_EMIT_LOC_STRINGS = YES;
				SWIFT_VERSION = 5.0;
				TARGETED_DEVICE_FAMILY = "1,2";
			};
			name = Debug;
		};
		48D1B1AA2D3FB6D50040569E /* Release */ = {
			isa = XCBuildConfiguration;
			buildSettings = {
				APP_BUILD = 2;
				CODE_SIGN_ENTITLEMENTS = "instagram-downloader-share/instagram-downloader-share.entitlements";
				CODE_SIGN_STYLE = Automatic;
				CURRENT_PROJECT_VERSION = "$(APP_VERSION)";
				DEVELOPMENT_TEAM = 9QNMAN8CT6;
				GENERATE_INFOPLIST_FILE = YES;
				INFOPLIST_FILE = "instagram-downloader-share/Info.plist";
				INFOPLIST_KEY_CFBundleDisplayName = "instagram-downloader-share";
				INFOPLIST_KEY_NSHumanReadableCopyright = "";
				INFOPLIST_KEY_NSSupportsLiveActivities = YES;
				LD_RUNPATH_SEARCH_PATHS = (
					"$(inherited)",
					"@executable_path/Frameworks",
					"@executable_path/../../Frameworks",
				);
				MARKETING_VERSION = "$(APP_VERSION)";
				PRODUCT_BUNDLE_IDENTIFIER = "kopyl.instagram-downloader.instagram-downloader-share";
				PRODUCT_NAME = "$(TARGET_NAME)";
				SKIP_INSTALL = YES;
				SWIFT_EMIT_LOC_STRINGS = YES;
				SWIFT_VERSION = 5.0;
				TARGETED_DEVICE_FAMILY = "1,2";
			};
			name = Release;
		};
/* End XCBuildConfiguration section */

/* Begin XCConfigurationList section */
		488699E42D3C99B2006DF44A /* Build configuration list for PBXProject "instagram-downloader" */ = {
			isa = XCConfigurationList;
			buildConfigurations = (
				488699F52D3C99B4006DF44A /* Debug */,
				488699F62D3C99B4006DF44A /* Release */,
			);
			defaultConfigurationIsVisible = 0;
			defaultConfigurationName = Release;
		};
		488699F72D3C99B4006DF44A /* Build configuration list for PBXNativeTarget "instagram-downloader" */ = {
			isa = XCConfigurationList;
			buildConfigurations = (
				488699F82D3C99B4006DF44A /* Debug */,
				488699F92D3C99B4006DF44A /* Release */,
			);
			defaultConfigurationIsVisible = 0;
			defaultConfigurationName = Release;
		};
		48D1B1AB2D3FB6D50040569E /* Build configuration list for PBXNativeTarget "instagram-downloader-share" */ = {
			isa = XCConfigurationList;
			buildConfigurations = (
				48D1B1A92D3FB6D50040569E /* Debug */,
				48D1B1AA2D3FB6D50040569E /* Release */,
			);
			defaultConfigurationIsVisible = 0;
			defaultConfigurationName = Release;
		};
/* End XCConfigurationList section */

/* Begin XCRemoteSwiftPackageReference section */
		489A35712D6259CD001CD501 /* XCRemoteSwiftPackageReference "AlertKit" */ = {
			isa = XCRemoteSwiftPackageReference;
			repositoryURL = "https://github.com/sparrowcode/AlertKit.git";
			requirement = {
				kind = upToNextMajorVersion;
				minimumVersion = 5.1.9;
			};
		};
/* End XCRemoteSwiftPackageReference section */

/* Begin XCSwiftPackageProductDependency section */
		489A35722D6259CD001CD501 /* AlertKit */ = {
			isa = XCSwiftPackageProductDependency;
			package = 489A35712D6259CD001CD501 /* XCRemoteSwiftPackageReference "AlertKit" */;
			productName = AlertKit;
		};
/* End XCSwiftPackageProductDependency section */
	};
	rootObject = 488699E12D3C99B2006DF44A /* Project object */;
}
